
Microsoft Visual Studio Solution File, Format Version 12.00
# Visual Studio 2012
Project("{8BC9CEB8-8B4A-11D0-8D11-00A0C91BC942}") = "Visual Project", "Visual Project.vcxproj", "{37D84A6A-BEA5-4C8D-ADED-28D8C5868128}"
EndProject
Global
	GlobalSection(SolutionConfigurationPlatforms) = preSolution
		Debug|Win32 = Debug|Win32
		Release|Win32 = Release|Win32
	EndGlobalSection
	GlobalSection(ProjectConfigurationPlatforms) = postSolution
		{37D84A6A-BEA5-4C8D-ADED-28D8C5868128}.Debug|Win32.ActiveCfg = Debug|Win32
		{37D84A6A-BEA5-4C8D-ADED-28D8C5868128}.Debug|Win32.Build.0 = Debug|Win32
		{37D84A6A-BEA5-4C8D-ADED-28D8C5868128}.Release|Win32.ActiveCfg = Release|Win32
		{37D84A6A-BEA5-4C8D-ADED-28D8C5868128}.Release|Win32.Build.0 = Release|Win32
	EndGlobalSection
	GlobalSection(SolutionProperties) = preSolution
		HideSolutionNode = FALSE
	EndGlobalSection
EndGlobal
